FORGE
  remote: http://forge.puppetlabs.com/
  specs:
    puppetlabs/stdlib (3.2.0)

GIT
  remote: git://github.com/alphagov/puppet-harden.git
  ref: 5b27ee25e19f0c5421665246b76a13def8058e1c
  sha: 5b27ee25e19f0c5421665246b76a13def8058e1c
  specs:
    harden (0.0.1)

DEPENDENCIES
  harden (>= 0)
  puppetlabs/stdlib (~> 3.0)

