FORGE
  remote: http://forge.puppetlabs.com
  specs:
    ploperations/puppetlabs_apt (0.0.3)
      puppetlabs/apt (>= 1.0.0)
    torrancew/account (0.0.5)

FORGE
  remote: http://forge.puppetlabs.com/
  specs:
    arnoudj/sudo (1.0.0)
    puppetlabs/apt (1.2.0)
      puppetlabs/stdlib (>= 2.2.1)
    puppetlabs/stdlib (3.2.0)

GIT
  remote: git://github.com/alphagov/puppet-gds_accounts.git
  ref: v1.0.0
  sha: 4d7cc1f4807e66377abdf96ae35445facfd97c7a
  specs:
    gds_accounts (1.0.0)
      puppetlabs/stdlib (>= 3.0.0)
      torrancew/account (= 0.0.5)

GIT
  remote: git://github.com/alphagov/puppet-harden.git
  ref: 5b27ee25e19f0c5421665246b76a13def8058e1c
  sha: 5b27ee25e19f0c5421665246b76a13def8058e1c
  specs:
    harden (0.0.1)

GIT
  remote: git://github.com/alphagov/puppet-puppet.git
  ref: v0.0.2
  sha: 3cad89bff94b5ab24e63e8790b9be76c0b2ad359
  specs:
    puppet (0.0.2)
      ploperations/puppetlabs_apt (>= 0)
      puppetlabs/stdlib (>= 3.0.0)

DEPENDENCIES
  arnoudj/sudo (>= 0)
  gds_accounts (>= 0)
  harden (>= 0)
  puppet (>= 0)
  puppetlabs/stdlib (~> 3.0)

