FORGE
  remote: http://forge.puppetlabs.com
  specs:
    ploperations/puppetlabs_apt (0.0.3)
      puppetlabs/apt (>= 1.0.0)
    torrancew/account (0.0.5)

FORGE
  remote: http://forge.puppetlabs.com/
  specs:
    attachmentgenie/ssh (1.1.1)
      puppetlabs/stdlib (>= 2.2.1)
    attachmentgenie/ufw (1.1.0)
      puppetlabs/stdlib (>= 2.2.1)
    jfryman/nginx (0.0.3)
      puppetlabs/stdlib (>= 0.1.6)
    puppetlabs/apt (1.2.0)
      puppetlabs/stdlib (>= 2.2.1)
    puppetlabs/stdlib (3.2.0)

GIT
  remote: git://github.com/alphagov/puppet-ext4mount.git
  ref: d97f99cc2801b83152b905d1285fa34e689cb499
  sha: d97f99cc2801b83152b905d1285fa34e689cb499
  specs:
    ext4mount (0.0.1)

GIT
  remote: git://github.com/alphagov/puppet-gds_accounts.git
  ref: v1.0.0
  sha: 4d7cc1f4807e66377abdf96ae35445facfd97c7a
  specs:
    gds_accounts (1.0.0)
      puppetlabs/stdlib (>= 3.0.0)
      torrancew/account (= 0.0.5)

GIT
  remote: git://github.com/alphagov/puppet-harden.git
  ref: 5b27ee25e19f0c5421665246b76a13def8058e1c
  sha: 5b27ee25e19f0c5421665246b76a13def8058e1c
  specs:
    harden (0.0.1)

GIT
  remote: git://github.com/alphagov/puppet-puppet.git
  ref: v0.0.2
  sha: 3cad89bff94b5ab24e63e8790b9be76c0b2ad359
  specs:
    puppet (0.0.2)
      ploperations/puppetlabs_apt (>= 0)
      puppetlabs/stdlib (>= 3.0.0)

GIT
  remote: git://github.com/alphagov/puppet-sudo.git
  ref: 7de29e11573728c9780d28880e16b8d51b8a0245
  sha: 7de29e11573728c9780d28880e16b8d51b8a0245
  specs:
    sudo (1.0.0)

GIT
  remote: git://github.com/valentinroca/puppet-fail2ban
  ref: 201ac7d0f30a118234a7f2edf4be4bd5c99954ce
  sha: 201ac7d0f30a118234a7f2edf4be4bd5c99954ce
  specs:
    fail2ban (1.1.0)

DEPENDENCIES
  attachmentgenie/ssh (= 1.1.1)
  attachmentgenie/ufw (= 1.1.0)
  ext4mount (>= 0)
  fail2ban (>= 0)
  gds_accounts (>= 0)
  harden (>= 0)
  jfryman/nginx (>= 0)
  puppet (>= 0)
  puppetlabs/stdlib (~> 3.0)
  sudo (>= 0)

